// !$*UTF8*$!
{
	archiveVersion = 1;
	classes = {
	};
	objectVersion = 56;
	objects = {

/* Begin PBXBuildFile section */
		DA89F81F28FAB7DB001902FE /* RESTClient.swift in Sources */ = {isa = PBXBuildFile; fileRef = DA89F81E28FAB7DB001902FE /* RESTClient.swift */; };
		DA89F82328FAB82C001902FE /* SearchResponse.swift in Sources */ = {isa = PBXBuildFile; fileRef = DA89F82128FAB82C001902FE /* SearchResponse.swift */; };
		DA89F82428FAB82C001902FE /* FilmResponse.swift in Sources */ = {isa = PBXBuildFile; fileRef = DA89F82228FAB82C001902FE /* FilmResponse.swift */; };
		DA89F82628FACBF0001902FE /* GoogleService-Info.plist in Resources */ = {isa = PBXBuildFile; fileRef = DA89F82528FACBF0001902FE /* GoogleService-Info.plist */; };
		DA89F82928FACD89001902FE /* FirebaseRemoteConfigSwift in Frameworks */ = {isa = PBXBuildFile; productRef = DA89F82828FACD89001902FE /* FirebaseRemoteConfigSwift */; };
		DA89F82C28FAD0FD001902FE /* FirebaseRemoteConfigService.swift in Sources */ = {isa = PBXBuildFile; fileRef = DA89F82B28FAD0FD001902FE /* FirebaseRemoteConfigService.swift */; };
		DA89F82E28FAD563001902FE /* FirebaseRemoteConfigServiceDelegate.swift in Sources */ = {isa = PBXBuildFile; fileRef = DA89F82D28FAD563001902FE /* FirebaseRemoteConfigServiceDelegate.swift */; };
		DA89F83128FAD6D3001902FE /* SplashViewController.swift in Sources */ = {isa = PBXBuildFile; fileRef = DA89F83028FAD6D3001902FE /* SplashViewController.swift */; };
		DA89F83428FAE003001902FE /* FirebaseAnalytics in Frameworks */ = {isa = PBXBuildFile; productRef = DA89F83328FAE003001902FE /* FirebaseAnalytics */; };
		DA89F83828FC61D8001902FE /* NetworkStatusObserver.swift in Sources */ = {isa = PBXBuildFile; fileRef = DA89F83728FC61D7001902FE /* NetworkStatusObserver.swift */; };
		DA89F83B28FC6292001902FE /* NetworkStatusObserverDelegate.swift in Sources */ = {isa = PBXBuildFile; fileRef = DA89F83A28FC6292001902FE /* NetworkStatusObserverDelegate.swift */; };
		DA89F83E28FC7E33001902FE /* SearchTableViewController.swift in Sources */ = {isa = PBXBuildFile; fileRef = DA89F83D28FC7E33001902FE /* SearchTableViewController.swift */; };
		DA89F84028FC7E5F001902FE /* SearchTableViewModel.swift in Sources */ = {isa = PBXBuildFile; fileRef = DA89F83F28FC7E5F001902FE /* SearchTableViewModel.swift */; };
		DA89F84228FC7F04001902FE /* SearchTableViewDelegate.swift in Sources */ = {isa = PBXBuildFile; fileRef = DA89F84128FC7F04001902FE /* SearchTableViewDelegate.swift */; };
		DA89F84528FCA673001902FE /* Kingfisher in Frameworks */ = {isa = PBXBuildFile; productRef = DA89F84428FCA673001902FE /* Kingfisher */; };
		DA89F84928FCAB9D001902FE /* SearchTableViewCell.swift in Sources */ = {isa = PBXBuildFile; fileRef = DA89F84728FCAB9D001902FE /* SearchTableViewCell.swift */; };
		DA89F84A28FCAB9D001902FE /* SearchTableViewCell.xib in Resources */ = {isa = PBXBuildFile; fileRef = DA89F84828FCAB9D001902FE /* SearchTableViewCell.xib */; };
		DAF2365328FAB4E500D40644 /* AppDelegate.swift in Sources */ = {isa = PBXBuildFile; fileRef = DAF2365228FAB4E500D40644 /* AppDelegate.swift */; };
		DAF2365528FAB4E500D40644 /* SceneDelegate.swift in Sources */ = {isa = PBXBuildFile; fileRef = DAF2365428FAB4E500D40644 /* SceneDelegate.swift */; };
		DAF2365A28FAB4E500D40644 /* Main.storyboard in Resources */ = {isa = PBXBuildFile; fileRef = DAF2365828FAB4E500D40644 /* Main.storyboard */; };
		DAF2365C28FAB4E600D40644 /* Assets.xcassets in Resources */ = {isa = PBXBuildFile; fileRef = DAF2365B28FAB4E600D40644 /* Assets.xcassets */; };
		DAF2365F28FAB4E600D40644 /* LaunchScreen.storyboard in Resources */ = {isa = PBXBuildFile; fileRef = DAF2365D28FAB4E600D40644 /* LaunchScreen.storyboard */; };
/* End PBXBuildFile section */

/* Begin PBXFileReference section */
		DA89F81E28FAB7DB001902FE /* RESTClient.swift */ = {isa = PBXFileReference; lastKnownFileType = sourcecode.swift; path = RESTClient.swift; sourceTree = "<group>"; };
		DA89F82128FAB82C001902FE /* SearchResponse.swift */ = {isa = PBXFileReference; fileEncoding = 4; lastKnownFileType = sourcecode.swift; path = SearchResponse.swift; sourceTree = "<group>"; };
		DA89F82228FAB82C001902FE /* FilmResponse.swift */ = {isa = PBXFileReference; fileEncoding = 4; lastKnownFileType = sourcecode.swift; path = FilmResponse.swift; sourceTree = "<group>"; };
		DA89F82528FACBF0001902FE /* GoogleService-Info.plist */ = {isa = PBXFileReference; fileEncoding = 4; lastKnownFileType = text.plist.xml; path = "GoogleService-Info.plist"; sourceTree = "<group>"; };
		DA89F82B28FAD0FD001902FE /* FirebaseRemoteConfigService.swift */ = {isa = PBXFileReference; lastKnownFileType = sourcecode.swift; path = FirebaseRemoteConfigService.swift; sourceTree = "<group>"; };
		DA89F82D28FAD563001902FE /* FirebaseRemoteConfigServiceDelegate.swift */ = {isa = PBXFileReference; lastKnownFileType = sourcecode.swift; path = FirebaseRemoteConfigServiceDelegate.swift; sourceTree = "<group>"; };
		DA89F83028FAD6D3001902FE /* SplashViewController.swift */ = {isa = PBXFileReference; lastKnownFileType = sourcecode.swift; path = SplashViewController.swift; sourceTree = "<group>"; };
		DA89F83728FC61D7001902FE /* NetworkStatusObserver.swift */ = {isa = PBXFileReference; lastKnownFileType = sourcecode.swift; path = NetworkStatusObserver.swift; sourceTree = "<group>"; };
		DA89F83A28FC6292001902FE /* NetworkStatusObserverDelegate.swift */ = {isa = PBXFileReference; lastKnownFileType = sourcecode.swift; path = NetworkStatusObserverDelegate.swift; sourceTree = "<group>"; };
		DA89F83D28FC7E33001902FE /* SearchTableViewController.swift */ = {isa = PBXFileReference; lastKnownFileType = sourcecode.swift; path = SearchTableViewController.swift; sourceTree = "<group>"; };
		DA89F83F28FC7E5F001902FE /* SearchTableViewModel.swift */ = {isa = PBXFileReference; lastKnownFileType = sourcecode.swift; path = SearchTableViewModel.swift; sourceTree = "<group>"; };
		DA89F84128FC7F04001902FE /* SearchTableViewDelegate.swift */ = {isa = PBXFileReference; lastKnownFileType = sourcecode.swift; path = SearchTableViewDelegate.swift; sourceTree = "<group>"; };
		DA89F84728FCAB9D001902FE /* SearchTableViewCell.swift */ = {isa = PBXFileReference; lastKnownFileType = sourcecode.swift; path = SearchTableViewCell.swift; sourceTree = "<group>"; };
		DA89F84828FCAB9D001902FE /* SearchTableViewCell.xib */ = {isa = PBXFileReference; lastKnownFileType = file.xib; path = SearchTableViewCell.xib; sourceTree = "<group>"; };
		DAF2364F28FAB4E500D40644 /* MovieBrowser.app */ = {isa = PBXFileReference; explicitFileType = wrapper.application; includeInIndex = 0; path = MovieBrowser.app; sourceTree = BUILT_PRODUCTS_DIR; };
		DAF2365228FAB4E500D40644 /* AppDelegate.swift */ = {isa = PBXFileReference; lastKnownFileType = sourcecode.swift; path = AppDelegate.swift; sourceTree = "<group>"; };
		DAF2365428FAB4E500D40644 /* SceneDelegate.swift */ = {isa = PBXFileReference; lastKnownFileType = sourcecode.swift; path = SceneDelegate.swift; sourceTree = "<group>"; };
		DAF2365928FAB4E500D40644 /* Base */ = {isa = PBXFileReference; lastKnownFileType = file.storyboard; name = Base; path = Base.lproj/Main.storyboard; sourceTree = "<group>"; };
		DAF2365B28FAB4E600D40644 /* Assets.xcassets */ = {isa = PBXFileReference; lastKnownFileType = folder.assetcatalog; path = Assets.xcassets; sourceTree = "<group>"; };
		DAF2365E28FAB4E600D40644 /* Base */ = {isa = PBXFileReference; lastKnownFileType = file.storyboard; name = Base; path = Base.lproj/LaunchScreen.storyboard; sourceTree = "<group>"; };
		DAF2366028FAB4E600D40644 /* Info.plist */ = {isa = PBXFileReference; lastKnownFileType = text.plist.xml; path = Info.plist; sourceTree = "<group>"; };
/* End PBXFileReference section */

/* Begin PBXFrameworksBuildPhase section */
		DAF2364C28FAB4E500D40644 /* Frameworks */ = {
			isa = PBXFrameworksBuildPhase;
			buildActionMask = 2147483647;
			files = (
				DA89F84528FCA673001902FE /* Kingfisher in Frameworks */,
				DA89F83428FAE003001902FE /* FirebaseAnalytics in Frameworks */,
				DA89F82928FACD89001902FE /* FirebaseRemoteConfigSwift in Frameworks */,
			);
			runOnlyForDeploymentPostprocessing = 0;
		};
/* End PBXFrameworksBuildPhase section */

/* Begin PBXGroup section */
		DA89F81928FAB5FF001902FE /* Supporting Files */ = {
			isa = PBXGroup;
			children = (
				DAF2365228FAB4E500D40644 /* AppDelegate.swift */,
				DAF2365428FAB4E500D40644 /* SceneDelegate.swift */,
				DA89F82528FACBF0001902FE /* GoogleService-Info.plist */,
				DAF2366028FAB4E600D40644 /* Info.plist */,
			);
			path = "Supporting Files";
			sourceTree = "<group>";
		};
		DA89F81A28FAB617001902FE /* Resources */ = {
			isa = PBXGroup;
			children = (
				DAF2365B28FAB4E600D40644 /* Assets.xcassets */,
			);
			path = Resources;
			sourceTree = "<group>";
		};
		DA89F81B28FAB67F001902FE /* Screens */ = {
			isa = PBXGroup;
			children = (
				DA89F82F28FAD6B1001902FE /* Splash */,
				DA89F83C28FC7E0B001902FE /* Search */,
				DAF2365D28FAB4E600D40644 /* LaunchScreen.storyboard */,
				DAF2365828FAB4E500D40644 /* Main.storyboard */,
			);
			path = Screens;
			sourceTree = "<group>";
		};
		DA89F81C28FAB6D2001902FE /* Services */ = {
			isa = PBXGroup;
			children = (
				DA89F82A28FAD0DA001902FE /* Firebase Remote Config */,
				DA89F81D28FAB729001902FE /* REST Client */,
				DA89F83928FC61DD001902FE /* Network Status Observer */,
			);
			path = Services;
			sourceTree = "<group>";
		};
		DA89F81D28FAB729001902FE /* REST Client */ = {
			isa = PBXGroup;
			children = (
				DA89F82028FAB7F1001902FE /* Models */,
				DA89F81E28FAB7DB001902FE /* RESTClient.swift */,
			);
			path = "REST Client";
			sourceTree = "<group>";
		};
		DA89F82028FAB7F1001902FE /* Models */ = {
			isa = PBXGroup;
			children = (
				DA89F82228FAB82C001902FE /* FilmResponse.swift */,
				DA89F82128FAB82C001902FE /* SearchResponse.swift */,
			);
			path = Models;
			sourceTree = "<group>";
		};
		DA89F82A28FAD0DA001902FE /* Firebase Remote Config */ = {
			isa = PBXGroup;
			children = (
				DA89F82B28FAD0FD001902FE /* FirebaseRemoteConfigService.swift */,
				DA89F82D28FAD563001902FE /* FirebaseRemoteConfigServiceDelegate.swift */,
			);
			path = "Firebase Remote Config";
			sourceTree = "<group>";
		};
		DA89F82F28FAD6B1001902FE /* Splash */ = {
			isa = PBXGroup;
			children = (
				DA89F83028FAD6D3001902FE /* SplashViewController.swift */,
			);
			path = Splash;
			sourceTree = "<group>";
		};
		DA89F83228FAE003001902FE /* Frameworks */ = {
			isa = PBXGroup;
			children = (
			);
			name = Frameworks;
			sourceTree = "<group>";
		};
		DA89F83928FC61DD001902FE /* Network Status Observer */ = {
			isa = PBXGroup;
			children = (
				DA89F83728FC61D7001902FE /* NetworkStatusObserver.swift */,
				DA89F83A28FC6292001902FE /* NetworkStatusObserverDelegate.swift */,
			);
			path = "Network Status Observer";
			sourceTree = "<group>";
		};
		DA89F83C28FC7E0B001902FE /* Search */ = {
			isa = PBXGroup;
			children = (
				DA89F84628FCAB6C001902FE /* SearchTableViewCell */,
				DA89F83D28FC7E33001902FE /* SearchTableViewController.swift */,
				DA89F83F28FC7E5F001902FE /* SearchTableViewModel.swift */,
				DA89F84128FC7F04001902FE /* SearchTableViewDelegate.swift */,
			);
			path = Search;
			sourceTree = "<group>";
		};
		DA89F84628FCAB6C001902FE /* SearchTableViewCell */ = {
			isa = PBXGroup;
			children = (
				DA89F84728FCAB9D001902FE /* SearchTableViewCell.swift */,
				DA89F84828FCAB9D001902FE /* SearchTableViewCell.xib */,
			);
			path = SearchTableViewCell;
			sourceTree = "<group>";
		};
		DAF2364628FAB4E500D40644 = {
			isa = PBXGroup;
			children = (
				DAF2365128FAB4E500D40644 /* MovieBrowser */,
				DAF2365028FAB4E500D40644 /* Products */,
				DA89F83228FAE003001902FE /* Frameworks */,
			);
			sourceTree = "<group>";
		};
		DAF2365028FAB4E500D40644 /* Products */ = {
			isa = PBXGroup;
			children = (
				DAF2364F28FAB4E500D40644 /* MovieBrowser.app */,
			);
			name = Products;
			sourceTree = "<group>";
		};
		DAF2365128FAB4E500D40644 /* MovieBrowser */ = {
			isa = PBXGroup;
			children = (
				DA89F81928FAB5FF001902FE /* Supporting Files */,
				DA89F81A28FAB617001902FE /* Resources */,
				DA89F81C28FAB6D2001902FE /* Services */,
				DA89F81B28FAB67F001902FE /* Screens */,
			);
			path = MovieBrowser;
			sourceTree = "<group>";
		};
/* End PBXGroup section */

/* Begin PBXNativeTarget section */
		DAF2364E28FAB4E500D40644 /* MovieBrowser */ = {
			isa = PBXNativeTarget;
			buildConfigurationList = DAF2366328FAB4E600D40644 /* Build configuration list for PBXNativeTarget "MovieBrowser" */;
			buildPhases = (
				DAF2364B28FAB4E500D40644 /* Sources */,
				DAF2364C28FAB4E500D40644 /* Frameworks */,
				DAF2364D28FAB4E500D40644 /* Resources */,
			);
			buildRules = (
			);
			dependencies = (
			);
			name = MovieBrowser;
			packageProductDependencies = (
				DA89F82828FACD89001902FE /* FirebaseRemoteConfigSwift */,
				DA89F83328FAE003001902FE /* FirebaseAnalytics */,
				DA89F84428FCA673001902FE /* Kingfisher */,
			);
			productName = MovieBrowser;
			productReference = DAF2364F28FAB4E500D40644 /* MovieBrowser.app */;
			productType = "com.apple.product-type.application";
		};
/* End PBXNativeTarget section */

/* Begin PBXProject section */
		DAF2364728FAB4E500D40644 /* Project object */ = {
			isa = PBXProject;
			attributes = {
				BuildIndependentTargetsInParallel = 1;
				LastSwiftUpdateCheck = 1400;
				LastUpgradeCheck = 1400;
				TargetAttributes = {
					DAF2364E28FAB4E500D40644 = {
						CreatedOnToolsVersion = 14.0;
					};
				};
			};
			buildConfigurationList = DAF2364A28FAB4E500D40644 /* Build configuration list for PBXProject "MovieBrowser" */;
			compatibilityVersion = "Xcode 14.0";
			developmentRegion = en;
			hasScannedForEncodings = 0;
			knownRegions = (
				en,
				Base,
			);
			mainGroup = DAF2364628FAB4E500D40644;
			packageReferences = (
				DA89F82728FACD89001902FE /* XCRemoteSwiftPackageReference "firebase-ios-sdk" */,
				DA89F84328FCA673001902FE /* XCRemoteSwiftPackageReference "Kingfisher" */,
			);
			productRefGroup = DAF2365028FAB4E500D40644 /* Products */;
			projectDirPath = "";
			projectRoot = "";
			targets = (
				DAF2364E28FAB4E500D40644 /* MovieBrowser */,
			);
		};
/* End PBXProject section */

/* Begin PBXResourcesBuildPhase section */
		DAF2364D28FAB4E500D40644 /* Resources */ = {
			isa = PBXResourcesBuildPhase;
			buildActionMask = 2147483647;
			files = (
				DAF2365F28FAB4E600D40644 /* LaunchScreen.storyboard in Resources */,
				DA89F82628FACBF0001902FE /* GoogleService-Info.plist in Resources */,
				DAF2365C28FAB4E600D40644 /* Assets.xcassets in Resources */,
				DAF2365A28FAB4E500D40644 /* Main.storyboard in Resources */,
				DA89F84A28FCAB9D001902FE /* SearchTableViewCell.xib in Resources */,
			);
			runOnlyForDeploymentPostprocessing = 0;
		};
/* End PBXResourcesBuildPhase section */

/* Begin PBXSourcesBuildPhase section */
		DAF2364B28FAB4E500D40644 /* Sources */ = {
			isa = PBXSourcesBuildPhase;
			buildActionMask = 2147483647;
			files = (
				DA89F82C28FAD0FD001902FE /* FirebaseRemoteConfigService.swift in Sources */,
				DA89F82328FAB82C001902FE /* SearchResponse.swift in Sources */,
				DAF2365328FAB4E500D40644 /* AppDelegate.swift in Sources */,
				DA89F84028FC7E5F001902FE /* SearchTableViewModel.swift in Sources */,
				DA89F83B28FC6292001902FE /* NetworkStatusObserverDelegate.swift in Sources */,
				DA89F84228FC7F04001902FE /* SearchTableViewDelegate.swift in Sources */,
				DA89F82428FAB82C001902FE /* FilmResponse.swift in Sources */,
				DA89F81F28FAB7DB001902FE /* RESTClient.swift in Sources */,
				DA89F82E28FAD563001902FE /* FirebaseRemoteConfigServiceDelegate.swift in Sources */,
				DA89F83828FC61D8001902FE /* NetworkStatusObserver.swift in Sources */,
				DA89F83E28FC7E33001902FE /* SearchTableViewController.swift in Sources */,
				DAF2365528FAB4E500D40644 /* SceneDelegate.swift in Sources */,
				DA89F83128FAD6D3001902FE /* SplashViewController.swift in Sources */,
				DA89F84928FCAB9D001902FE /* SearchTableViewCell.swift in Sources */,
			);
			runOnlyForDeploymentPostprocessing = 0;
		};
/* End PBXSourcesBuildPhase section */

/* Begin PBXVariantGroup section */
		DAF2365828FAB4E500D40644 /* Main.storyboard */ = {
			isa = PBXVariantGroup;
			children = (
				DAF2365928FAB4E500D40644 /* Base */,
			);
			name = Main.storyboard;
			sourceTree = "<group>";
		};
		DAF2365D28FAB4E600D40644 /* LaunchScreen.storyboard */ = {
			isa = PBXVariantGroup;
			children = (
				DAF2365E28FAB4E600D40644 /* Base */,
			);
			name = LaunchScreen.storyboard;
			sourceTree = "<group>";
		};
/* End PBXVariantGroup section */

/* Begin XCBuildConfiguration section */
		DAF2366128FAB4E600D40644 /* Debug */ = {
			isa = XCBuildConfiguration;
			buildSettings = {
				ALWAYS_SEARCH_USER_PATHS = NO;
				CLANG_ANALYZER_NONNULL = YES;
				CLANG_ANALYZER_NUMBER_OBJECT_CONVERSION = YES_AGGRESSIVE;
				CLANG_CXX_LANGUAGE_STANDARD = "gnu++20";
				CLANG_ENABLE_MODULES = YES;
				CLANG_ENABLE_OBJC_ARC = YES;
				CLANG_ENABLE_OBJC_WEAK = YES;
				CLANG_WARN_BLOCK_CAPTURE_AUTORELEASING = YES;
				CLANG_WARN_BOOL_CONVERSION = YES;
				CLANG_WARN_COMMA = YES;
				CLANG_WARN_CONSTANT_CONVERSION = YES;
				CLANG_WARN_DEPRECATED_OBJC_IMPLEMENTATIONS = YES;
				CLANG_WARN_DIRECT_OBJC_ISA_USAGE = YES_ERROR;
				CLANG_WARN_DOCUMENTATION_COMMENTS = YES;
				CLANG_WARN_EMPTY_BODY = YES;
				CLANG_WARN_ENUM_CONVERSION = YES;
				CLANG_WARN_INFINITE_RECURSION = YES;
				CLANG_WARN_INT_CONVERSION = YES;
				CLANG_WARN_NON_LITERAL_NULL_CONVERSION = YES;
				CLANG_WARN_OBJC_IMPLICIT_RETAIN_SELF = YES;
				CLANG_WARN_OBJC_LITERAL_CONVERSION = YES;
				CLANG_WARN_OBJC_ROOT_CLASS = YES_ERROR;
				CLANG_WARN_QUOTED_INCLUDE_IN_FRAMEWORK_HEADER = YES;
				CLANG_WARN_RANGE_LOOP_ANALYSIS = YES;
				CLANG_WARN_STRICT_PROTOTYPES = YES;
				CLANG_WARN_SUSPICIOUS_MOVE = YES;
				CLANG_WARN_UNGUARDED_AVAILABILITY = YES_AGGRESSIVE;
				CLANG_WARN_UNREACHABLE_CODE = YES;
				CLANG_WARN__DUPLICATE_METHOD_MATCH = YES;
				COPY_PHASE_STRIP = NO;
				DEBUG_INFORMATION_FORMAT = dwarf;
				ENABLE_STRICT_OBJC_MSGSEND = YES;
				ENABLE_TESTABILITY = YES;
				GCC_C_LANGUAGE_STANDARD = gnu11;
				GCC_DYNAMIC_NO_PIC = NO;
				GCC_NO_COMMON_BLOCKS = YES;
				GCC_OPTIMIZATION_LEVEL = 0;
				GCC_PREPROCESSOR_DEFINITIONS = (
					"DEBUG=1",
					"$(inherited)",
				);
				GCC_WARN_64_TO_32_BIT_CONVERSION = YES;
				GCC_WARN_ABOUT_RETURN_TYPE = YES_ERROR;
				GCC_WARN_UNDECLARED_SELECTOR = YES;
				GCC_WARN_UNINITIALIZED_AUTOS = YES_AGGRESSIVE;
				GCC_WARN_UNUSED_FUNCTION = YES;
				GCC_WARN_UNUSED_VARIABLE = YES;
				IPHONEOS_DEPLOYMENT_TARGET = 16.0;
				MTL_ENABLE_DEBUG_INFO = INCLUDE_SOURCE;
				MTL_FAST_MATH = YES;
				ONLY_ACTIVE_ARCH = YES;
				SDKROOT = iphoneos;
				SWIFT_ACTIVE_COMPILATION_CONDITIONS = DEBUG;
				SWIFT_OPTIMIZATION_LEVEL = "-Onone";
			};
			name = Debug;
		};
		DAF2366228FAB4E600D40644 /* Release */ = {
			isa = XCBuildConfiguration;
			buildSettings = {
				ALWAYS_SEARCH_USER_PATHS = NO;
				CLANG_ANALYZER_NONNULL = YES;
				CLANG_ANALYZER_NUMBER_OBJECT_CONVERSION = YES_AGGRESSIVE;
				CLANG_CXX_LANGUAGE_STANDARD = "gnu++20";
				CLANG_ENABLE_MODULES = YES;
				CLANG_ENABLE_OBJC_ARC = YES;
				CLANG_ENABLE_OBJC_WEAK = YES;
				CLANG_WARN_BLOCK_CAPTURE_AUTORELEASING = YES;
				CLANG_WARN_BOOL_CONVERSION = YES;
				CLANG_WARN_COMMA = YES;
				CLANG_WARN_CONSTANT_CONVERSION = YES;
				CLANG_WARN_DEPRECATED_OBJC_IMPLEMENTATIONS = YES;
				CLANG_WARN_DIRECT_OBJC_ISA_USAGE = YES_ERROR;
				CLANG_WARN_DOCUMENTATION_COMMENTS = YES;
				CLANG_WARN_EMPTY_BODY = YES;
				CLANG_WARN_ENUM_CONVERSION = YES;
				CLANG_WARN_INFINITE_RECURSION = YES;
				CLANG_WARN_INT_CONVERSION = YES;
				CLANG_WARN_NON_LITERAL_NULL_CONVERSION = YES;
				CLANG_WARN_OBJC_IMPLICIT_RETAIN_SELF = YES;
				CLANG_WARN_OBJC_LITERAL_CONVERSION = YES;
				CLANG_WARN_OBJC_ROOT_CLASS = YES_ERROR;
				CLANG_WARN_QUOTED_INCLUDE_IN_FRAMEWORK_HEADER = YES;
				CLANG_WARN_RANGE_LOOP_ANALYSIS = YES;
				CLANG_WARN_STRICT_PROTOTYPES = YES;
				CLANG_WARN_SUSPICIOUS_MOVE = YES;
				CLANG_WARN_UNGUARDED_AVAILABILITY = YES_AGGRESSIVE;
				CLANG_WARN_UNREACHABLE_CODE = YES;
				CLANG_WARN__DUPLICATE_METHOD_MATCH = YES;
				COPY_PHASE_STRIP = NO;
				DEBUG_INFORMATION_FORMAT = "dwarf-with-dsym";
				ENABLE_NS_ASSERTIONS = NO;
				ENABLE_STRICT_OBJC_MSGSEND = YES;
				GCC_C_LANGUAGE_STANDARD = gnu11;
				GCC_NO_COMMON_BLOCKS = YES;
				GCC_WARN_64_TO_32_BIT_CONVERSION = YES;
				GCC_WARN_ABOUT_RETURN_TYPE = YES_ERROR;
				GCC_WARN_UNDECLARED_SELECTOR = YES;
				GCC_WARN_UNINITIALIZED_AUTOS = YES_AGGRESSIVE;
				GCC_WARN_UNUSED_FUNCTION = YES;
				GCC_WARN_UNUSED_VARIABLE = YES;
				IPHONEOS_DEPLOYMENT_TARGET = 16.0;
				MTL_ENABLE_DEBUG_INFO = NO;
				MTL_FAST_MATH = YES;
				SDKROOT = iphoneos;
				SWIFT_COMPILATION_MODE = wholemodule;
				SWIFT_OPTIMIZATION_LEVEL = "-O";
				VALIDATE_PRODUCT = YES;
			};
			name = Release;
		};
		DAF2366428FAB4E600D40644 /* Debug */ = {
			isa = XCBuildConfiguration;
			buildSettings = {
				ASSETCATALOG_COMPILER_APPICON_NAME = AppIcon;
				ASSETCATALOG_COMPILER_GLOBAL_ACCENT_COLOR_NAME = AccentColor;
				CODE_SIGN_STYLE = Automatic;
				CURRENT_PROJECT_VERSION = 1;
				DEVELOPMENT_TEAM = 6NHQZB346D;
				GENERATE_INFOPLIST_FILE = YES;
				INFOPLIST_FILE = "MovieBrowser/Supporting Files/Info.plist";
				INFOPLIST_KEY_UIApplicationSupportsIndirectInputEvents = YES;
				INFOPLIST_KEY_UILaunchStoryboardName = LaunchScreen;
				INFOPLIST_KEY_UIMainStoryboardFile = Main;
				INFOPLIST_KEY_UISupportedInterfaceOrientations = UIInterfaceOrientationPortrait;
				LD_RUNPATH_SEARCH_PATHS = (
					"$(inherited)",
					"@executable_path/Frameworks",
				);
				MARKETING_VERSION = 1.0;
				PRODUCT_BUNDLE_IDENTIFIER = com.berkanvay.MovieBrowser;
				PRODUCT_NAME = "$(TARGET_NAME)";
				SWIFT_EMIT_LOC_STRINGS = YES;
				SWIFT_VERSION = 5.0;
				TARGETED_DEVICE_FAMILY = "1,2";
			};
			name = Debug;
		};
		DAF2366528FAB4E600D40644 /* Release */ = {
			isa = XCBuildConfiguration;
			buildSettings = {
				ASSETCATALOG_COMPILER_APPICON_NAME = AppIcon;
				ASSETCATALOG_COMPILER_GLOBAL_ACCENT_COLOR_NAME = AccentColor;
				CODE_SIGN_STYLE = Automatic;
				CURRENT_PROJECT_VERSION = 1;
				DEVELOPMENT_TEAM = 6NHQZB346D;
				GENERATE_INFOPLIST_FILE = YES;
				INFOPLIST_FILE = "MovieBrowser/Supporting Files/Info.plist";
				INFOPLIST_KEY_UIApplicationSupportsIndirectInputEvents = YES;
				INFOPLIST_KEY_UILaunchStoryboardName = LaunchScreen;
				INFOPLIST_KEY_UIMainStoryboardFile = Main;
				INFOPLIST_KEY_UISupportedInterfaceOrientations = UIInterfaceOrientationPortrait;
				LD_RUNPATH_SEARCH_PATHS = (
					"$(inherited)",
					"@executable_path/Frameworks",
				);
				MARKETING_VERSION = 1.0;
				PRODUCT_BUNDLE_IDENTIFIER = com.berkanvay.MovieBrowser;
				PRODUCT_NAME = "$(TARGET_NAME)";
				SWIFT_EMIT_LOC_STRINGS = YES;
				SWIFT_VERSION = 5.0;
				TARGETED_DEVICE_FAMILY = "1,2";
			};
			name = Release;
		};
/* End XCBuildConfiguration section */

/* Begin XCConfigurationList section */
		DAF2364A28FAB4E500D40644 /* Build configuration list for PBXProject "MovieBrowser" */ = {
			isa = XCConfigurationList;
			buildConfigurations = (
				DAF2366128FAB4E600D40644 /* Debug */,
				DAF2366228FAB4E600D40644 /* Release */,
			);
			defaultConfigurationIsVisible = 0;
			defaultConfigurationName = Release;
		};
		DAF2366328FAB4E600D40644 /* Build configuration list for PBXNativeTarget "MovieBrowser" */ = {
			isa = XCConfigurationList;
			buildConfigurations = (
				DAF2366428FAB4E600D40644 /* Debug */,
				DAF2366528FAB4E600D40644 /* Release */,
			);
			defaultConfigurationIsVisible = 0;
			defaultConfigurationName = Release;
		};
/* End XCConfigurationList section */

/* Begin XCRemoteSwiftPackageReference section */
		DA89F82728FACD89001902FE /* XCRemoteSwiftPackageReference "firebase-ios-sdk" */ = {
			isa = XCRemoteSwiftPackageReference;
			repositoryURL = "https://github.com/firebase/firebase-ios-sdk";
			requirement = {
				kind = upToNextMajorVersion;
				minimumVersion = 9.0.0;
			};
		};
		DA89F84328FCA673001902FE /* XCRemoteSwiftPackageReference "Kingfisher" */ = {
			isa = XCRemoteSwiftPackageReference;
			repositoryURL = "https://github.com/onevcat/Kingfisher.git";
			requirement = {
				branch = master;
				kind = branch;
			};
		};
/* End XCRemoteSwiftPackageReference section */

/* Begin XCSwiftPackageProductDependency section */
		DA89F82828FACD89001902FE /* FirebaseRemoteConfigSwift */ = {
			isa = XCSwiftPackageProductDependency;
			package = DA89F82728FACD89001902FE /* XCRemoteSwiftPackageReference "firebase-ios-sdk" */;
			productName = FirebaseRemoteConfigSwift;
		};
		DA89F83328FAE003001902FE /* FirebaseAnalytics */ = {
			isa = XCSwiftPackageProductDependency;
			package = DA89F82728FACD89001902FE /* XCRemoteSwiftPackageReference "firebase-ios-sdk" */;
			productName = FirebaseAnalytics;
		};
		DA89F84428FCA673001902FE /* Kingfisher */ = {
			isa = XCSwiftPackageProductDependency;
			package = DA89F84328FCA673001902FE /* XCRemoteSwiftPackageReference "Kingfisher" */;
			productName = Kingfisher;
		};
/* End XCSwiftPackageProductDependency section */
	};
	rootObject = DAF2364728FAB4E500D40644 /* Project object */;
}
